
Microsoft Visual Studio Solution File, Format Version 12.00
# Visual Studio Version 17
VisualStudioVersion = 17.7.34009.444
MinimumVisualStudioVersion = 10.0.40219.1
Project("{9A19103F-16F7-4668-BE54-9A1E7A4F7556}") = "Backend", "Backend\Backend.csproj", "{53AD00C2-F051-4B7E-98C2-234BE9098A54}"
EndProject
Project("{E53339B2-1760-4266-BCC7-CA923CBCF16C}") = "docker-compose", "docker-compose.dcproj", "{6734708B-8F7A-4F13-A3B6-0C7D3C12AF25}"
EndProject
Global
	GlobalSection(SolutionConfigurationPlatforms) = preSolution
		Debug|Any CPU = Debug|Any CPU
		Release|Any CPU = Release|Any CPU
	EndGlobalSection
	GlobalSection(ProjectConfigurationPlatforms) = postSolution
		{53AD00C2-F051-4B7E-98C2-234BE9098A54}.Debug|Any CPU.ActiveCfg = Debug|Any CPU
		{53AD00C2-F051-4B7E-98C2-234BE9098A54}.Debug|Any CPU.Build.0 = Debug|Any CPU
		{53AD00C2-F051-4B7E-98C2-234BE9098A54}.Release|Any CPU.ActiveCfg = Release|Any CPU
		{53AD00C2-F051-4B7E-98C2-234BE9098A54}.Release|Any CPU.Build.0 = Release|Any CPU
		{6734708B-8F7A-4F13-A3B6-0C7D3C12AF25}.Debug|Any CPU.ActiveCfg = Debug|Any CPU
		{6734708B-8F7A-4F13-A3B6-0C7D3C12AF25}.Debug|Any CPU.Build.0 = Debug|Any CPU
		{6734708B-8F7A-4F13-A3B6-0C7D3C12AF25}.Release|Any CPU.ActiveCfg = Release|Any CPU
		{6734708B-8F7A-4F13-A3B6-0C7D3C12AF25}.Release|Any CPU.Build.0 = Release|Any CPU
	EndGlobalSection
	GlobalSection(SolutionProperties) = preSolution
		HideSolutionNode = FALSE
	EndGlobalSection
	GlobalSection(ExtensibilityGlobals) = postSolution
		SolutionGuid = {A00B0918-180D-4F3E-9ED2-3FE003DB8D32}
	EndGlobalSection
EndGlobal
