
Microsoft Visual Studio Solution File, Format Version 12.00
# Visual Studio Version 17
VisualStudioVersion = 17.7.34009.444
MinimumVisualStudioVersion = 10.0.40219.1
Project("{FAE04EC0-301F-11D3-BF4B-00C04F79EFBC}") = "opcuaTestClient", "opcuaTestClient\opcuaTestClient.csproj", "{849C9F73-1DB9-4F03-84E7-6F0247FC4DD9}"
EndProject
Global
	GlobalSection(SolutionConfigurationPlatforms) = preSolution
		Debug|Any CPU = Debug|Any CPU
		Release|Any CPU = Release|Any CPU
	EndGlobalSection
	GlobalSection(ProjectConfigurationPlatforms) = postSolution
		{849C9F73-1DB9-4F03-84E7-6F0247FC4DD9}.Debug|Any CPU.ActiveCfg = Debug|Any CPU
		{849C9F73-1DB9-4F03-84E7-6F0247FC4DD9}.Debug|Any CPU.Build.0 = Debug|Any CPU
		{849C9F73-1DB9-4F03-84E7-6F0247FC4DD9}.Release|Any CPU.ActiveCfg = Release|Any CPU
		{849C9F73-1DB9-4F03-84E7-6F0247FC4DD9}.Release|Any CPU.Build.0 = Release|Any CPU
	EndGlobalSection
	GlobalSection(SolutionProperties) = preSolution
		HideSolutionNode = FALSE
	EndGlobalSection
	GlobalSection(ExtensibilityGlobals) = postSolution
		SolutionGuid = {8C439625-5F64-4D6F-B048-2410B33AE4FB}
	EndGlobalSection
EndGlobal
